// !$*UTF8*$!
{
	archiveVersion = 1;
	classes = {
	};
	objectVersion = 48;
	objects = {

/* Begin PBXBuildFile section */
		1F7E1C771FDA89DA00AA59AD /* AppDelegate.m in Sources */ = {isa = PBXBuildFile; fileRef = 1F7E1C761FDA89DA00AA59AD /* AppDelegate.m */; };
		1F7E1C7A1FDA89DA00AA59AD /* ViewController.m in Sources */ = {isa = PBXBuildFile; fileRef = 1F7E1C791FDA89DA00AA59AD /* ViewController.m */; };
		1F7E1C7D1FDA89DA00AA59AD /* Main.storyboard in Resources */ = {isa = PBXBuildFile; fileRef = 1F7E1C7B1FDA89DA00AA59AD /* Main.storyboard */; };
		1F7E1C7F1FDA89DA00AA59AD /* Assets.xcassets in Resources */ = {isa = PBXBuildFile; fileRef = 1F7E1C7E1FDA89DA00AA59AD /* Assets.xcassets */; };
		1F7E1C821FDA89DA00AA59AD /* LaunchScreen.storyboard in Resources */ = {isa = PBXBuildFile; fileRef = 1F7E1C801FDA89DA00AA59AD /* LaunchScreen.storyboard */; };
		1F7E1C851FDA89DA00AA59AD /* main.m in Sources */ = {isa = PBXBuildFile; fileRef = 1F7E1C841FDA89DA00AA59AD /* main.m */; };
		1F7E1C8F1FDA89DB00AA59AD /* EdgeInsetsLabelTests.m in Sources */ = {isa = PBXBuildFile; fileRef = 1F7E1C8E1FDA89DB00AA59AD /* EdgeInsetsLabelTests.m */; };
		1F7E1C9A1FDA89DB00AA59AD /* EdgeInsetsLabelUITests.m in Sources */ = {isa = PBXBuildFile; fileRef = 1F7E1C991FDA89DB00AA59AD /* EdgeInsetsLabelUITests.m */; };
		1F7E1CAC1FDA8A7F00AA59AD /* UIEdgeInsetsLabel.m in Sources */ = {isa = PBXBuildFile; fileRef = 1F7E1CAB1FDA8A7F00AA59AD /* UIEdgeInsetsLabel.m */; };
/* End PBXBuildFile section */

/* Begin PBXContainerItemProxy section */
		1F7E1C8B1FDA89DB00AA59AD /* PBXContainerItemProxy */ = {
			isa = PBXContainerItemProxy;
			containerPortal = 1F7E1C6A1FDA89D900AA59AD /* Project object */;
			proxyType = 1;
			remoteGlobalIDString = 1F7E1C711FDA89DA00AA59AD;
			remoteInfo = EdgeInsetsLabel;
		};
		1F7E1C961FDA89DB00AA59AD /* PBXContainerItemProxy */ = {
			isa = PBXContainerItemProxy;
			containerPortal = 1F7E1C6A1FDA89D900AA59AD /* Project object */;
			proxyType = 1;
			remoteGlobalIDString = 1F7E1C711FDA89DA00AA59AD;
			remoteInfo = EdgeInsetsLabel;
		};
/* End PBXContainerItemProxy section */

/* Begin PBXFileReference section */
		1F7E1C721FDA89DA00AA59AD /* EdgeInsetsLabel.app */ = {isa = PBXFileReference; explicitFileType = wrapper.application; includeInIndex = 0; path = EdgeInsetsLabel.app; sourceTree = BUILT_PRODUCTS_DIR; };
		1F7E1C751FDA89DA00AA59AD /* AppDelegate.h */ = {isa = PBXFileReference; lastKnownFileType = sourcecode.c.h; path = AppDelegate.h; sourceTree = "<group>"; };
		1F7E1C761FDA89DA00AA59AD /* AppDelegate.m */ = {isa = PBXFileReference; lastKnownFileType = sourcecode.c.objc; path = AppDelegate.m; sourceTree = "<group>"; };
		1F7E1C781FDA89DA00AA59AD /* ViewController.h */ = {isa = PBXFileReference; lastKnownFileType = sourcecode.c.h; path = ViewController.h; sourceTree = "<group>"; };
		1F7E1C791FDA89DA00AA59AD /* ViewController.m */ = {isa = PBXFileReference; lastKnownFileType = sourcecode.c.objc; path = ViewController.m; sourceTree = "<group>"; };
		1F7E1C7C1FDA89DA00AA59AD /* Base */ = {isa = PBXFileReference; lastKnownFileType = file.storyboard; name = Base; path = Base.lproj/Main.storyboard; sourceTree = "<group>"; };
		1F7E1C7E1FDA89DA00AA59AD /* Assets.xcassets */ = {isa = PBXFileReference; lastKnownFileType = folder.assetcatalog; path = Assets.xcassets; sourceTree = "<group>"; };
		1F7E1C811FDA89DA00AA59AD /* Base */ = {isa = PBXFileReference; lastKnownFileType = file.storyboard; name = Base; path = Base.lproj/LaunchScreen.storyboard; sourceTree = "<group>"; };
		1F7E1C831FDA89DA00AA59AD /* Info.plist */ = {isa = PBXFileReference; lastKnownFileType = text.plist.xml; path = Info.plist; sourceTree = "<group>"; };
		1F7E1C841FDA89DA00AA59AD /* main.m */ = {isa = PBXFileReference; lastKnownFileType = sourcecode.c.objc; path = main.m; sourceTree = "<group>"; };
		1F7E1C8A1FDA89DB00AA59AD /* EdgeInsetsLabelTests.xctest */ = {isa = PBXFileReference; explicitFileType = wrapper.cfbundle; includeInIndex = 0; path = EdgeInsetsLabelTests.xctest; sourceTree = BUILT_PRODUCTS_DIR; };
		1F7E1C8E1FDA89DB00AA59AD /* EdgeInsetsLabelTests.m */ = {isa = PBXFileReference; lastKnownFileType = sourcecode.c.objc; path = EdgeInsetsLabelTests.m; sourceTree = "<group>"; };
		1F7E1C901FDA89DB00AA59AD /* Info.plist */ = {isa = PBXFileReference; lastKnownFileType = text.plist.xml; path = Info.plist; sourceTree = "<group>"; };
		1F7E1C951FDA89DB00AA59AD /* EdgeInsetsLabelUITests.xctest */ = {isa = PBXFileReference; explicitFileType = wrapper.cfbundle; includeInIndex = 0; path = EdgeInsetsLabelUITests.xctest; sourceTree = BUILT_PRODUCTS_DIR; };
		1F7E1C991FDA89DB00AA59AD /* EdgeInsetsLabelUITests.m */ = {isa = PBXFileReference; lastKnownFileType = sourcecode.c.objc; path = EdgeInsetsLabelUITests.m; sourceTree = "<group>"; };
		1F7E1C9B1FDA89DB00AA59AD /* Info.plist */ = {isa = PBXFileReference; lastKnownFileType = text.plist.xml; path = Info.plist; sourceTree = "<group>"; };
		1F7E1CAA1FDA8A7F00AA59AD /* UIEdgeInsetsLabel.h */ = {isa = PBXFileReference; lastKnownFileType = sourcecode.c.h; path = UIEdgeInsetsLabel.h; sourceTree = "<group>"; };
		1F7E1CAB1FDA8A7F00AA59AD /* UIEdgeInsetsLabel.m */ = {isa = PBXFileReference; lastKnownFileType = sourcecode.c.objc; path = UIEdgeInsetsLabel.m; sourceTree = "<group>"; };
/* End PBXFileReference section */

/* Begin PBXFrameworksBuildPhase section */
		1F7E1C6F1FDA89DA00AA59AD /* Frameworks */ = {
			isa = PBXFrameworksBuildPhase;
			buildActionMask = 2147483647;
			files = (
			);
			runOnlyForDeploymentPostprocessing = 0;
		};
		1F7E1C871FDA89DB00AA59AD /* Frameworks */ = {
			isa = PBXFrameworksBuildPhase;
			buildActionMask = 2147483647;
			files = (
			);
			runOnlyForDeploymentPostprocessing = 0;
		};
		1F7E1C921FDA89DB00AA59AD /* Frameworks */ = {
			isa = PBXFrameworksBuildPhase;
			buildActionMask = 2147483647;
			files = (
			);
			runOnlyForDeploymentPostprocessing = 0;
		};
/* End PBXFrameworksBuildPhase section */

/* Begin PBXGroup section */
		1F7E1C691FDA89D900AA59AD = {
			isa = PBXGroup;
			children = (
				1F7E1C741FDA89DA00AA59AD /* EdgeInsetsLabel */,
				1F7E1C8D1FDA89DB00AA59AD /* EdgeInsetsLabelTests */,
				1F7E1C981FDA89DB00AA59AD /* EdgeInsetsLabelUITests */,
				1F7E1C731FDA89DA00AA59AD /* Products */,
			);
			sourceTree = "<group>";
		};
		1F7E1C731FDA89DA00AA59AD /* Products */ = {
			isa = PBXGroup;
			children = (
				1F7E1C721FDA89DA00AA59AD /* EdgeInsetsLabel.app */,
				1F7E1C8A1FDA89DB00AA59AD /* EdgeInsetsLabelTests.xctest */,
				1F7E1C951FDA89DB00AA59AD /* EdgeInsetsLabelUITests.xctest */,
			);
			name = Products;
			sourceTree = "<group>";
		};
		1F7E1C741FDA89DA00AA59AD /* EdgeInsetsLabel */ = {
			isa = PBXGroup;
			children = (
				1F7E1C751FDA89DA00AA59AD /* AppDelegate.h */,
				1F7E1C761FDA89DA00AA59AD /* AppDelegate.m */,
				1F7E1C781FDA89DA00AA59AD /* ViewController.h */,
				1F7E1C791FDA89DA00AA59AD /* ViewController.m */,
				1F7E1CAA1FDA8A7F00AA59AD /* UIEdgeInsetsLabel.h */,
				1F7E1CAB1FDA8A7F00AA59AD /* UIEdgeInsetsLabel.m */,
				1F7E1C7B1FDA89DA00AA59AD /* Main.storyboard */,
				1F7E1C7E1FDA89DA00AA59AD /* Assets.xcassets */,
				1F7E1C801FDA89DA00AA59AD /* LaunchScreen.storyboard */,
				1F7E1C831FDA89DA00AA59AD /* Info.plist */,
				1F7E1C841FDA89DA00AA59AD /* main.m */,
			);
			path = EdgeInsetsLabel;
			sourceTree = "<group>";
		};
		1F7E1C8D1FDA89DB00AA59AD /* EdgeInsetsLabelTests */ = {
			isa = PBXGroup;
			children = (
				1F7E1C8E1FDA89DB00AA59AD /* EdgeInsetsLabelTests.m */,
				1F7E1C901FDA89DB00AA59AD /* Info.plist */,
			);
			path = EdgeInsetsLabelTests;
			sourceTree = "<group>";
		};
		1F7E1C981FDA89DB00AA59AD /* EdgeInsetsLabelUITests */ = {
			isa = PBXGroup;
			children = (
				1F7E1C991FDA89DB00AA59AD /* EdgeInsetsLabelUITests.m */,
				1F7E1C9B1FDA89DB00AA59AD /* Info.plist */,
			);
			path = EdgeInsetsLabelUITests;
			sourceTree = "<group>";
		};
/* End PBXGroup section */

/* Begin PBXNativeTarget section */
		1F7E1C711FDA89DA00AA59AD /* EdgeInsetsLabel */ = {
			isa = PBXNativeTarget;
			buildConfigurationList = 1F7E1C9E1FDA89DB00AA59AD /* Build configuration list for PBXNativeTarget "EdgeInsetsLabel" */;
			buildPhases = (
				1F7E1C6E1FDA89DA00AA59AD /* Sources */,
				1F7E1C6F1FDA89DA00AA59AD /* Frameworks */,
				1F7E1C701FDA89DA00AA59AD /* Resources */,
			);
			buildRules = (
			);
			dependencies = (
			);
			name = EdgeInsetsLabel;
			productName = EdgeInsetsLabel;
			productReference = 1F7E1C721FDA89DA00AA59AD /* EdgeInsetsLabel.app */;
			productType = "com.apple.product-type.application";
		};
		1F7E1C891FDA89DB00AA59AD /* EdgeInsetsLabelTests */ = {
			isa = PBXNativeTarget;
			buildConfigurationList = 1F7E1CA11FDA89DB00AA59AD /* Build configuration list for PBXNativeTarget "EdgeInsetsLabelTests" */;
			buildPhases = (
				1F7E1C861FDA89DB00AA59AD /* Sources */,
				1F7E1C871FDA89DB00AA59AD /* Frameworks */,
				1F7E1C881FDA89DB00AA59AD /* Resources */,
			);
			buildRules = (
			);
			dependencies = (
				1F7E1C8C1FDA89DB00AA59AD /* PBXTargetDependency */,
			);
			name = EdgeInsetsLabelTests;
			productName = EdgeInsetsLabelTests;
			productReference = 1F7E1C8A1FDA89DB00AA59AD /* EdgeInsetsLabelTests.xctest */;
			productType = "com.apple.product-type.bundle.unit-test";
		};
		1F7E1C941FDA89DB00AA59AD /* EdgeInsetsLabelUITests */ = {
			isa = PBXNativeTarget;
			buildConfigurationList = 1F7E1CA41FDA89DB00AA59AD /* Build configuration list for PBXNativeTarget "EdgeInsetsLabelUITests" */;
			buildPhases = (
				1F7E1C911FDA89DB00AA59AD /* Sources */,
				1F7E1C921FDA89DB00AA59AD /* Frameworks */,
				1F7E1C931FDA89DB00AA59AD /* Resources */,
			);
			buildRules = (
			);
			dependencies = (
				1F7E1C971FDA89DB00AA59AD /* PBXTargetDependency */,
			);
			name = EdgeInsetsLabelUITests;
			productName = EdgeInsetsLabelUITests;
			productReference = 1F7E1C951FDA89DB00AA59AD /* EdgeInsetsLabelUITests.xctest */;
			productType = "com.apple.product-type.bundle.ui-testing";
		};
/* End PBXNativeTarget section */

/* Begin PBXProject section */
		1F7E1C6A1FDA89D900AA59AD /* Project object */ = {
			isa = PBXProject;
			attributes = {
				LastUpgradeCheck = 0910;
				ORGANIZATIONNAME = PECOO;
				TargetAttributes = {
					1F7E1C711FDA89DA00AA59AD = {
						CreatedOnToolsVersion = 9.1;
						ProvisioningStyle = Automatic;
					};
					1F7E1C891FDA89DB00AA59AD = {
						CreatedOnToolsVersion = 9.1;
						ProvisioningStyle = Automatic;
						TestTargetID = 1F7E1C711FDA89DA00AA59AD;
					};
					1F7E1C941FDA89DB00AA59AD = {
						CreatedOnToolsVersion = 9.1;
						ProvisioningStyle = Automatic;
						TestTargetID = 1F7E1C711FDA89DA00AA59AD;
					};
				};
			};
			buildConfigurationList = 1F7E1C6D1FDA89D900AA59AD /* Build configuration list for PBXProject "EdgeInsetsLabel" */;
			compatibilityVersion = "Xcode 8.0";
			developmentRegion = en;
			hasScannedForEncodings = 0;
			knownRegions = (
				en,
				Base,
			);
			mainGroup = 1F7E1C691FDA89D900AA59AD;
			productRefGroup = 1F7E1C731FDA89DA00AA59AD /* Products */;
			projectDirPath = "";
			projectRoot = "";
			targets = (
				1F7E1C711FDA89DA00AA59AD /* EdgeInsetsLabel */,
				1F7E1C891FDA89DB00AA59AD /* EdgeInsetsLabelTests */,
				1F7E1C941FDA89DB00AA59AD /* EdgeInsetsLabelUITests */,
			);
		};
/* End PBXProject section */

/* Begin PBXResourcesBuildPhase section */
		1F7E1C701FDA89DA00AA59AD /* Resources */ = {
			isa = PBXResourcesBuildPhase;
			buildActionMask = 2147483647;
			files = (
				1F7E1C821FDA89DA00AA59AD /* LaunchScreen.storyboard in Resources */,
				1F7E1C7F1FDA89DA00AA59AD /* Assets.xcassets in Resources */,
				1F7E1C7D1FDA89DA00AA59AD /* Main.storyboard in Resources */,
			);
			runOnlyForDeploymentPostprocessing = 0;
		};
		1F7E1C881FDA89DB00AA59AD /* Resources */ = {
			isa = PBXResourcesBuildPhase;
			buildActionMask = 2147483647;
			files = (
			);
			runOnlyForDeploymentPostprocessing = 0;
		};
		1F7E1C931FDA89DB00AA59AD /* Resources */ = {
			isa = PBXResourcesBuildPhase;
			buildActionMask = 2147483647;
			files = (
			);
			runOnlyForDeploymentPostprocessing = 0;
		};
/* End PBXResourcesBuildPhase section */

/* Begin PBXSourcesBuildPhase section */
		1F7E1C6E1FDA89DA00AA59AD /* Sources */ = {
			isa = PBXSourcesBuildPhase;
			buildActionMask = 2147483647;
			files = (
				1F7E1C7A1FDA89DA00AA59AD /* ViewController.m in Sources */,
				1F7E1C851FDA89DA00AA59AD /* main.m in Sources */,
				1F7E1C771FDA89DA00AA59AD /* AppDelegate.m in Sources */,
				1F7E1CAC1FDA8A7F00AA59AD /* UIEdgeInsetsLabel.m in Sources */,
			);
			runOnlyForDeploymentPostprocessing = 0;
		};
		1F7E1C861FDA89DB00AA59AD /* Sources */ = {
			isa = PBXSourcesBuildPhase;
			buildActionMask = 2147483647;
			files = (
				1F7E1C8F1FDA89DB00AA59AD /* EdgeInsetsLabelTests.m in Sources */,
			);
			runOnlyForDeploymentPostprocessing = 0;
		};
		1F7E1C911FDA89DB00AA59AD /* Sources */ = {
			isa = PBXSourcesBuildPhase;
			buildActionMask = 2147483647;
			files = (
				1F7E1C9A1FDA89DB00AA59AD /* EdgeInsetsLabelUITests.m in Sources */,
			);
			runOnlyForDeploymentPostprocessing = 0;
		};
/* End PBXSourcesBuildPhase section */

/* Begin PBXTargetDependency section */
		1F7E1C8C1FDA89DB00AA59AD /* PBXTargetDependency */ = {
			isa = PBXTargetDependency;
			target = 1F7E1C711FDA89DA00AA59AD /* EdgeInsetsLabel */;
			targetProxy = 1F7E1C8B1FDA89DB00AA59AD /* PBXContainerItemProxy */;
		};
		1F7E1C971FDA89DB00AA59AD /* PBXTargetDependency */ = {
			isa = PBXTargetDependency;
			target = 1F7E1C711FDA89DA00AA59AD /* EdgeInsetsLabel */;
			targetProxy = 1F7E1C961FDA89DB00AA59AD /* PBXContainerItemProxy */;
		};
/* End PBXTargetDependency section */

/* Begin PBXVariantGroup section */
		1F7E1C7B1FDA89DA00AA59AD /* Main.storyboard */ = {
			isa = PBXVariantGroup;
			children = (
				1F7E1C7C1FDA89DA00AA59AD /* Base */,
			);
			name = Main.storyboard;
			sourceTree = "<group>";
		};
		1F7E1C801FDA89DA00AA59AD /* LaunchScreen.storyboard */ = {
			isa = PBXVariantGroup;
			children = (
				1F7E1C811FDA89DA00AA59AD /* Base */,
			);
			name = LaunchScreen.storyboard;
			sourceTree = "<group>";
		};
/* End PBXVariantGroup section */

/* Begin XCBuildConfiguration section */
		1F7E1C9C1FDA89DB00AA59AD /* Debug */ = {
			isa = XCBuildConfiguration;
			buildSettings = {
				ALWAYS_SEARCH_USER_PATHS = NO;
				CLANG_ANALYZER_NONNULL = YES;
				CLANG_ANALYZER_NUMBER_OBJECT_CONVERSION = YES_AGGRESSIVE;
				CLANG_CXX_LANGUAGE_STANDARD = "gnu++14";
				CLANG_CXX_LIBRARY = "libc++";
				CLANG_ENABLE_MODULES = YES;
				CLANG_ENABLE_OBJC_ARC = YES;
				CLANG_WARN_BLOCK_CAPTURE_AUTORELEASING = YES;
				CLANG_WARN_BOOL_CONVERSION = YES;
				CLANG_WARN_COMMA = YES;
				CLANG_WARN_CONSTANT_CONVERSION = YES;
				CLANG_WARN_DIRECT_OBJC_ISA_USAGE = YES_ERROR;
				CLANG_WARN_DOCUMENTATION_COMMENTS = YES;
				CLANG_WARN_EMPTY_BODY = YES;
				CLANG_WARN_ENUM_CONVERSION = YES;
				CLANG_WARN_INFINITE_RECURSION = YES;
				CLANG_WARN_INT_CONVERSION = YES;
				CLANG_WARN_NON_LITERAL_NULL_CONVERSION = YES;
				CLANG_WARN_OBJC_LITERAL_CONVERSION = YES;
				CLANG_WARN_OBJC_ROOT_CLASS = YES_ERROR;
				CLANG_WARN_RANGE_LOOP_ANALYSIS = YES;
				CLANG_WARN_STRICT_PROTOTYPES = YES;
				CLANG_WARN_SUSPICIOUS_MOVE = YES;
				CLANG_WARN_UNGUARDED_AVAILABILITY = YES_AGGRESSIVE;
				CLANG_WARN_UNREACHABLE_CODE = YES;
				CLANG_WARN__DUPLICATE_METHOD_MATCH = YES;
				CODE_SIGN_IDENTITY = "iPhone Developer";
				COPY_PHASE_STRIP = NO;
				DEBUG_INFORMATION_FORMAT = dwarf;
				ENABLE_STRICT_OBJC_MSGSEND = YES;
				ENABLE_TESTABILITY = YES;
				GCC_C_LANGUAGE_STANDARD = gnu11;
				GCC_DYNAMIC_NO_PIC = NO;
				GCC_NO_COMMON_BLOCKS = YES;
				GCC_OPTIMIZATION_LEVEL = 0;
				GCC_PREPROCESSOR_DEFINITIONS = (
					"DEBUG=1",
					"$(inherited)",
				);
				GCC_WARN_64_TO_32_BIT_CONVERSION = YES;
				GCC_WARN_ABOUT_RETURN_TYPE = YES_ERROR;
				GCC_WARN_UNDECLARED_SELECTOR = YES;
				GCC_WARN_UNINITIALIZED_AUTOS = YES_AGGRESSIVE;
				GCC_WARN_UNUSED_FUNCTION = YES;
				GCC_WARN_UNUSED_VARIABLE = YES;
				IPHONEOS_DEPLOYMENT_TARGET = 11.1;
				MTL_ENABLE_DEBUG_INFO = YES;
				ONLY_ACTIVE_ARCH = YES;
				SDKROOT = iphoneos;
			};
			name = Debug;
		};
		1F7E1C9D1FDA89DB00AA59AD /* Release */ = {
			isa = XCBuildConfiguration;
			buildSettings = {
				ALWAYS_SEARCH_USER_PATHS = NO;
				CLANG_ANALYZER_NONNULL = YES;
				CLANG_ANALYZER_NUMBER_OBJECT_CONVERSION = YES_AGGRESSIVE;
				CLANG_CXX_LANGUAGE_STANDARD = "gnu++14";
				CLANG_CXX_LIBRARY = "libc++";
				CLANG_ENABLE_MODULES = YES;
				CLANG_ENABLE_OBJC_ARC = YES;
				CLANG_WARN_BLOCK_CAPTURE_AUTORELEASING = YES;
				CLANG_WARN_BOOL_CONVERSION = YES;
				CLANG_WARN_COMMA = YES;
				CLANG_WARN_CONSTANT_CONVERSION = YES;
				CLANG_WARN_DIRECT_OBJC_ISA_USAGE = YES_ERROR;
				CLANG_WARN_DOCUMENTATION_COMMENTS = YES;
				CLANG_WARN_EMPTY_BODY = YES;
				CLANG_WARN_ENUM_CONVERSION = YES;
				CLANG_WARN_INFINITE_RECURSION = YES;
				CLANG_WARN_INT_CONVERSION = YES;
				CLANG_WARN_NON_LITERAL_NULL_CONVERSION = YES;
				CLANG_WARN_OBJC_LITERAL_CONVERSION = YES;
				CLANG_WARN_OBJC_ROOT_CLASS = YES_ERROR;
				CLANG_WARN_RANGE_LOOP_ANALYSIS = YES;
				CLANG_WARN_STRICT_PROTOTYPES = YES;
				CLANG_WARN_SUSPICIOUS_MOVE = YES;
				CLANG_WARN_UNGUARDED_AVAILABILITY = YES_AGGRESSIVE;
				CLANG_WARN_UNREACHABLE_CODE = YES;
				CLANG_WARN__DUPLICATE_METHOD_MATCH = YES;
				CODE_SIGN_IDENTITY = "iPhone Developer";
				COPY_PHASE_STRIP = NO;
				DEBUG_INFORMATION_FORMAT = "dwarf-with-dsym";
				ENABLE_NS_ASSERTIONS = NO;
				ENABLE_STRICT_OBJC_MSGSEND = YES;
				GCC_C_LANGUAGE_STANDARD = gnu11;
				GCC_NO_COMMON_BLOCKS = YES;
				GCC_WARN_64_TO_32_BIT_CONVERSION = YES;
				GCC_WARN_ABOUT_RETURN_TYPE = YES_ERROR;
				GCC_WARN_UNDECLARED_SELECTOR = YES;
				GCC_WARN_UNINITIALIZED_AUTOS = YES_AGGRESSIVE;
				GCC_WARN_UNUSED_FUNCTION = YES;
				GCC_WARN_UNUSED_VARIABLE = YES;
				IPHONEOS_DEPLOYMENT_TARGET = 11.1;
				MTL_ENABLE_DEBUG_INFO = NO;
				SDKROOT = iphoneos;
				VALIDATE_PRODUCT = YES;
			};
			name = Release;
		};
		1F7E1C9F1FDA89DB00AA59AD /* Debug */ = {
			isa = XCBuildConfiguration;
			buildSettings = {
				ASSETCATALOG_COMPILER_APPICON_NAME = AppIcon;
				CODE_SIGN_STYLE = Automatic;
				DEVELOPMENT_TEAM = 3SL35U625Y;
				INFOPLIST_FILE = EdgeInsetsLabel/Info.plist;
				LD_RUNPATH_SEARCH_PATHS = "$(inherited) @executable_path/Frameworks";
				PRODUCT_BUNDLE_IDENTIFIER = "-23.EdgeInsetsLabel";
				PRODUCT_NAME = "$(TARGET_NAME)";
				TARGETED_DEVICE_FAMILY = "1,2";
			};
			name = Debug;
		};
		1F7E1CA01FDA89DB00AA59AD /* Release */ = {
			isa = XCBuildConfiguration;
			buildSettings = {
				ASSETCATALOG_COMPILER_APPICON_NAME = AppIcon;
				CODE_SIGN_STYLE = Automatic;
				DEVELOPMENT_TEAM = 3SL35U625Y;
				INFOPLIST_FILE = EdgeInsetsLabel/Info.plist;
				LD_RUNPATH_SEARCH_PATHS = "$(inherited) @executable_path/Frameworks";
				PRODUCT_BUNDLE_IDENTIFIER = "-23.EdgeInsetsLabel";
				PRODUCT_NAME = "$(TARGET_NAME)";
				TARGETED_DEVICE_FAMILY = "1,2";
			};
			name = Release;
		};
		1F7E1CA21FDA89DB00AA59AD /* Debug */ = {
			isa = XCBuildConfiguration;
			buildSettings = {
				BUNDLE_LOADER = "$(TEST_HOST)";
				CODE_SIGN_STYLE = Automatic;
				DEVELOPMENT_TEAM = 3SL35U625Y;
				INFOPLIST_FILE = EdgeInsetsLabelTests/Info.plist;
				LD_RUNPATH_SEARCH_PATHS = "$(inherited) @executable_path/Frameworks @loader_path/Frameworks";
				PRODUCT_BUNDLE_IDENTIFIER = "-23.EdgeInsetsLabelTests";
				PRODUCT_NAME = "$(TARGET_NAME)";
				TARGETED_DEVICE_FAMILY = "1,2";
				TEST_HOST = "$(BUILT_PRODUCTS_DIR)/EdgeInsetsLabel.app/EdgeInsetsLabel";
			};
			name = Debug;
		};
		1F7E1CA31FDA89DB00AA59AD /* Release */ = {
			isa = XCBuildConfiguration;
			buildSettings = {
				BUNDLE_LOADER = "$(TEST_HOST)";
				CODE_SIGN_STYLE = Automatic;
				DEVELOPMENT_TEAM = 3SL35U625Y;
				INFOPLIST_FILE = EdgeInsetsLabelTests/Info.plist;
				LD_RUNPATH_SEARCH_PATHS = "$(inherited) @executable_path/Frameworks @loader_path/Frameworks";
				PRODUCT_BUNDLE_IDENTIFIER = "-23.EdgeInsetsLabelTests";
				PRODUCT_NAME = "$(TARGET_NAME)";
				TARGETED_DEVICE_FAMILY = "1,2";
				TEST_HOST = "$(BUILT_PRODUCTS_DIR)/EdgeInsetsLabel.app/EdgeInsetsLabel";
			};
			name = Release;
		};
		1F7E1CA51FDA89DB00AA59AD /* Debug */ = {
			isa = XCBuildConfiguration;
			buildSettings = {
				CODE_SIGN_STYLE = Automatic;
				DEVELOPMENT_TEAM = 3SL35U625Y;
				INFOPLIST_FILE = EdgeInsetsLabelUITests/Info.plist;
				LD_RUNPATH_SEARCH_PATHS = "$(inherited) @executable_path/Frameworks @loader_path/Frameworks";
				PRODUCT_BUNDLE_IDENTIFIER = "-23.EdgeInsetsLabelUITests";
				PRODUCT_NAME = "$(TARGET_NAME)";
				TARGETED_DEVICE_FAMILY = "1,2";
				TEST_TARGET_NAME = EdgeInsetsLabel;
			};
			name = Debug;
		};
		1F7E1CA61FDA89DB00AA59AD /* Release */ = {
			isa = XCBuildConfiguration;
			buildSettings = {
				CODE_SIGN_STYLE = Automatic;
				DEVELOPMENT_TEAM = 3SL35U625Y;
				INFOPLIST_FILE = EdgeInsetsLabelUITests/Info.plist;
				LD_RUNPATH_SEARCH_PATHS = "$(inherited) @executable_path/Frameworks @loader_path/Frameworks";
				PRODUCT_BUNDLE_IDENTIFIER = "-23.EdgeInsetsLabelUITests";
				PRODUCT_NAME = "$(TARGET_NAME)";
				TARGETED_DEVICE_FAMILY = "1,2";
				TEST_TARGET_NAME = EdgeInsetsLabel;
			};
			name = Release;
		};
/* End XCBuildConfiguration section */

/* Begin XCConfigurationList section */
		1F7E1C6D1FDA89D900AA59AD /* Build configuration list for PBXProject "EdgeInsetsLabel" */ = {
			isa = XCConfigurationList;
			buildConfigurations = (
				1F7E1C9C1FDA89DB00AA59AD /* Debug */,
				1F7E1C9D1FDA89DB00AA59AD /* Release */,
			);
			defaultConfigurationIsVisible = 0;
			defaultConfigurationName = Release;
		};
		1F7E1C9E1FDA89DB00AA59AD /* Build configuration list for PBXNativeTarget "EdgeInsetsLabel" */ = {
			isa = XCConfigurationList;
			buildConfigurations = (
				1F7E1C9F1FDA89DB00AA59AD /* Debug */,
				1F7E1CA01FDA89DB00AA59AD /* Release */,
			);
			defaultConfigurationIsVisible = 0;
			defaultConfigurationName = Release;
		};
		1F7E1CA11FDA89DB00AA59AD /* Build configuration list for PBXNativeTarget "EdgeInsetsLabelTests" */ = {
			isa = XCConfigurationList;
			buildConfigurations = (
				1F7E1CA21FDA89DB00AA59AD /* Debug */,
				1F7E1CA31FDA89DB00AA59AD /* Release */,
			);
			defaultConfigurationIsVisible = 0;
			defaultConfigurationName = Release;
		};
		1F7E1CA41FDA89DB00AA59AD /* Build configuration list for PBXNativeTarget "EdgeInsetsLabelUITests" */ = {
			isa = XCConfigurationList;
			buildConfigurations = (
				1F7E1CA51FDA89DB00AA59AD /* Debug */,
				1F7E1CA61FDA89DB00AA59AD /* Release */,
			);
			defaultConfigurationIsVisible = 0;
			defaultConfigurationName = Release;
		};
/* End XCConfigurationList section */
	};
	rootObject = 1F7E1C6A1FDA89D900AA59AD /* Project object */;
}
